
Microsoft Visual Studio Solution File, Format Version 12.00
# Visual Studio Version 16
VisualStudioVersion = 16.0.31729.503
MinimumVisualStudioVersion = 10.0.40219.1
Project("{9A19103F-16F7-4668-BE54-9A1E7A4F7556}") = "Bam.Net.Ion.Tests", "Bam.Net.Ion.Tests\Bam.Net.Ion.Tests.csproj", "{4BCD326F-F672-48A7-B10B-FF8B45C2CED1}"
EndProject
Project("{9A19103F-16F7-4668-BE54-9A1E7A4F7556}") = "Bam.Net.Ion", "Bam.Net.Ion\Bam.Net.Ion.csproj", "{D8B22F6B-BE93-48D3-90C1-D7E8C8B3C6AE}"
EndProject
Global
	GlobalSection(SolutionConfigurationPlatforms) = preSolution
		Debug|Any CPU = Debug|Any CPU
		Release|Any CPU = Release|Any CPU
	EndGlobalSection
	GlobalSection(ProjectConfigurationPlatforms) = postSolution
		{4BCD326F-F672-48A7-B10B-FF8B45C2CED1}.Debug|Any CPU.ActiveCfg = Debug|Any CPU
		{4BCD326F-F672-48A7-B10B-FF8B45C2CED1}.Debug|Any CPU.Build.0 = Debug|Any CPU
		{4BCD326F-F672-48A7-B10B-FF8B45C2CED1}.Release|Any CPU.ActiveCfg = Release|Any CPU
		{4BCD326F-F672-48A7-B10B-FF8B45C2CED1}.Release|Any CPU.Build.0 = Release|Any CPU
		{D8B22F6B-BE93-48D3-90C1-D7E8C8B3C6AE}.Debug|Any CPU.ActiveCfg = Debug|Any CPU
		{D8B22F6B-BE93-48D3-90C1-D7E8C8B3C6AE}.Debug|Any CPU.Build.0 = Debug|Any CPU
		{D8B22F6B-BE93-48D3-90C1-D7E8C8B3C6AE}.Release|Any CPU.ActiveCfg = Release|Any CPU
		{D8B22F6B-BE93-48D3-90C1-D7E8C8B3C6AE}.Release|Any CPU.Build.0 = Release|Any CPU
	EndGlobalSection
	GlobalSection(SolutionProperties) = preSolution
		HideSolutionNode = FALSE
	EndGlobalSection
	GlobalSection(ExtensibilityGlobals) = postSolution
		SolutionGuid = {05C4A746-4A7E-4961-A226-2386BAD9DE5B}
	EndGlobalSection
EndGlobal
